schema: '2.0'
stages:
  data_ingestion:
    cmd: python .\src\data\data_ingestion.py
    deps:
    - path: .\data\external\
      hash: md5
      md5: 1c1df08bb172dcb9f6c4a74f237fc088.dir
      size: 7453311
      nfiles: 2
    - path: .\src\data\data_ingestion.py
      hash: md5
      md5: 19aa0f5a090c51689f64057672bea64d
      size: 5240
    params:
      params.yaml:
        data_ingestion.test_size: 0.2
    outs:
    - path: .\data\raw
      hash: md5
      md5: 92330b5b324ad307f07e17e6e39a5bbd.dir
      size: 6879432
      nfiles: 2
  data_preprocessing:
    cmd: python .\src\data\data_preprocessing.py
    deps:
    - path: .\data\raw\
      hash: md5
      md5: 92330b5b324ad307f07e17e6e39a5bbd.dir
      size: 6879432
      nfiles: 2
    - path: .\src\data\data_preprocessing.py
      hash: md5
      md5: 7673124b4136093d8efd9adff8a6a1e9
      size: 9454
    outs:
    - path: .\data\interim\
      hash: md5
      md5: c6222d2e0e560b518566c41657c5f97e.dir
      size: 4603945
      nfiles: 2
  feature_engineering:
    cmd: python .\src\features\feature_engineering.py
    deps:
    - path: .\data\interim\
      hash: md5
      md5: c6222d2e0e560b518566c41657c5f97e.dir
      size: 4603945
      nfiles: 2
    - path: .\src\features\feature_engineering.py
      hash: md5
      md5: 29ef3fc0ae51b78da80c371e86414713
      size: 10949
    - path: .\src\features\utility.py
      hash: md5
      md5: f46948c6917cd6d16a96a51caff09fd9
      size: 977
    params:
      params.yaml:
        feature_engineering:
          const_imputation:
            strategy: constant
            fill_value: missing
          iterative_imputation:
            estimator: LGBMRegressor
            max_iter: 15
          lgbm_estimator:
            n_estimators: 300
            max_depth: -1
            learning_rate: 0.05
            num_leaves: 31
            subsample: 0.8
            colsample_bytree: 0.8
            random_state: 42
            verbose: -1
          ordinal_encoder:
            unknown_value: -1
          onehot_encoder:
            drop: first
            handle_unknown: ignore
            sparse_output: false
    outs:
    - path: .\data\processed\
      hash: md5
      md5: cd2029d6b233e8ce0db7022ca2f55eb3.dir
      size: 7279468
      nfiles: 2
  model_building:
    cmd: python .\src\model\model_building.py
    deps:
    - path: .\data\processed\
      hash: md5
      md5: cd2029d6b233e8ce0db7022ca2f55eb3.dir
      size: 7279468
      nfiles: 2
    - path: .\src\model\model_building.py
      hash: md5
      md5: 9e3fc1eed4fd17eabd4050de4864fd52
      size: 4138
    params:
      params.yaml:
        model_building:
          n_estimators: 1043
          learning_rate: 0.01184348616544254
          num_leaves: 137
          max_depth: 11
          min_child_samples: 23
          feature_fraction: 0.7839333790779994
          bagging_fraction: 0.9697068541421031
          lambda_l1: 3.972979937157173e-08
          lambda_l2: 2.639574087334249e-08
          verbose: -1
    outs:
    - path: models\lgbm_regressor.pkl
      hash: md5
      md5: e0ef53488e6bcc78da9fabeedc5ceef5
      size: 12751568
  model_evaluation:
    cmd: python .\src\model\model_evaluation.py
    deps:
    - path: .\data\processed\
      hash: md5
      md5: cd2029d6b233e8ce0db7022ca2f55eb3.dir
      size: 7279468
      nfiles: 2
    - path: .\models\lgbm_regressor.pkl
      hash: md5
      md5: e0ef53488e6bcc78da9fabeedc5ceef5
      size: 12751568
    - path: .\src\model\model_evaluation.py
      hash: md5
      md5: 9a56c6c559309bd7f65597552bcf5f65
      size: 9257
    outs:
    - path: reports/metrics.json
      hash: md5
      md5: 3bbf28040f2d73df4c74b3c3cc54da4a
      size: 250
    - path: reports/model_info.json
      hash: md5
      md5: 301bb2ff13635e2539cc7ef767403c86
      size: 53
  model_registry:
    cmd: python .\src\model\model_registry.py
    deps:
    - path: .\src\model\model_registry.py
      hash: md5
      md5: daf7675d3767f91866f001e4e5c326b1
      size: 4173
    - path: reports/model_info.json
      hash: md5
      md5: 301bb2ff13635e2539cc7ef767403c86
      size: 53
    params:
      params.yaml:
        model_registry:
          model_description: This is a delivery time prediction model.
          model_tags:
            Experiment: Delivery time prediction
            Author: Priyanshu Mewal
            Date: 24-02-2026
          model_stage: Staging
          model_alias: challenger
