schema: '2.0'
stages:
  data_ingestion:
    cmd: python .\src\data\data_ingestion.py
    deps:
    - path: .\data\external\
      hash: md5
      md5: 1c1df08bb172dcb9f6c4a74f237fc088.dir
      size: 7453311
      nfiles: 2
    - path: .\src\data\data_ingestion.py
      hash: md5
      md5: 0bab8388adbafa6000e3ddf3c1086437
      size: 1766
    params:
      params.yaml:
        data_ingestion.test_size: 0.2
    outs:
    - path: .\data\raw
      hash: md5
      md5: 92330b5b324ad307f07e17e6e39a5bbd.dir
      size: 6879432
      nfiles: 2
  data_preprocessing:
    cmd: python .\src\data\data_preprocessing.py
    deps:
    - path: .\data\raw\
      hash: md5
      md5: 92330b5b324ad307f07e17e6e39a5bbd.dir
      size: 6879432
      nfiles: 2
    - path: .\src\data\data_preprocessing.py
      hash: md5
      md5: 233d75f6c5b9fa48365bc0b2a52433ee
      size: 4443
    outs:
    - path: .\data\interim\
      hash: md5
      md5: d66db0a61362ab095f165d4dc4542815.dir
      size: 4687713
      nfiles: 2
  feature_engineering:
    cmd: python .\src\features\feature_engineering.py
    deps:
    - path: .\data\interim\
      hash: md5
      md5: d66db0a61362ab095f165d4dc4542815.dir
      size: 4687713
      nfiles: 2
    - path: .\src\features\feature_engineering.py
      hash: md5
      md5: 4c96e2a240536a294fc26ffced28bed2
      size: 4809
    params:
      params.yaml:
        feature_engineering:
          const_imputation:
            strategy: constant
            fill_value: missing
          iterative_imputation:
            estimator: LGBMRegressor
            max_iter: 15
          lightgbm_params:
            n_estimators: 300
            max_depth: -1
            learning_rate: 0.05
            num_leaves: 31
            subsample: 0.8
            colsample_bytree: 0.8
            random_state: 42
            verbosity: -1
          ordinal_encoder:
            unknown_value: -1
          onehot_encoder:
            drop: first
            handle_unknown: ignore
            sparse_output: false
    outs:
    - path: .\data\processed\
      hash: md5
      md5: eafa302cca2b638984bb33280bf74af3.dir
      size: 7363236
      nfiles: 2
  model_building:
    cmd: python .\src\model\model_building.py
    deps:
    - path: .\data\processed\
      hash: md5
      md5: eafa302cca2b638984bb33280bf74af3.dir
      size: 7363236
      nfiles: 2
    - path: .\src\model\model_building.py
      hash: md5
      md5: 55ae53efaa657071bbe5d1973a0f69b0
      size: 610
    params:
      params.yaml:
        model_building:
          n_estimators: 1043
          learning_rate: 0.01184348616544254
          num_leaves: 137
          max_depth: 11
          min_child_samples: 23
          feature_fraction: 0.7839333790779994
          bagging_fraction: 0.9697068541421031
          lambda_l1: 3.972979937157173e-08
          lambda_l2: 2.639574087334250e-08
    outs:
    - path: models\lgbm_regressor.pkl
      hash: md5
      md5: b41ade0fb84eb43188fb4b2f4f0d2047
      size: 12666254
  model_evaluation:
    cmd: python .\src\model\model_evaluation.py
    deps:
    - path: .\data\processed\
      hash: md5
      md5: eafa302cca2b638984bb33280bf74af3.dir
      size: 7363236
      nfiles: 2
    - path: .\models\lgbm_regressor.pkl
      hash: md5
      md5: b41ade0fb84eb43188fb4b2f4f0d2047
      size: 12666254
    - path: .\src\model\model_evaluation.py
      hash: md5
      md5: db4a2f9395564bc63d0d8bc78b60de61
      size: 1426
    outs:
    - path: reports/metrics.json
      hash: md5
      md5: d74910dc76b98a86a5a5b8da47c4bcc3
      size: 248
